
Microsoft Visual Studio Solution File, Format Version 12.00
# Visual Studio Version 17
VisualStudioVersion = 17.0.31919.166
MinimumVisualStudioVersion = 10.0.40219.1
Project("{FAE04EC0-301F-11D3-BF4B-00C04F79EFBC}") = "01-Bitebank", "01-Bitebank\01-Bitebank.csproj", "{3592233B-C9F9-45E7-83BF-47092D7273F6}"
EndProject
Global
	GlobalSection(SolutionConfigurationPlatforms) = preSolution
		Debug|Any CPU = Debug|Any CPU
		Release|Any CPU = Release|Any CPU
	EndGlobalSection
	GlobalSection(ProjectConfigurationPlatforms) = postSolution
		{3592233B-C9F9-45E7-83BF-47092D7273F6}.Debug|Any CPU.ActiveCfg = Debug|Any CPU
		{3592233B-C9F9-45E7-83BF-47092D7273F6}.Debug|Any CPU.Build.0 = Debug|Any CPU
		{3592233B-C9F9-45E7-83BF-47092D7273F6}.Release|Any CPU.ActiveCfg = Release|Any CPU
		{3592233B-C9F9-45E7-83BF-47092D7273F6}.Release|Any CPU.Build.0 = Release|Any CPU
	EndGlobalSection
	GlobalSection(SolutionProperties) = preSolution
		HideSolutionNode = FALSE
	EndGlobalSection
	GlobalSection(ExtensibilityGlobals) = postSolution
		SolutionGuid = {32B20A6A-ABCD-4DCB-9A50-FEAA1883CCB4}
	EndGlobalSection
EndGlobal
