
Microsoft Visual Studio Solution File, Format Version 12.00
# Visual Studio Version 17
VisualStudioVersion = 17.0.31919.166
MinimumVisualStudioVersion = 10.0.40219.1
Project("{FAE04EC0-301F-11D3-BF4B-00C04F79EFBC}") = "1-PrimeiroProjeto", "1-PrimeiroProjeto\1-PrimeiroProjeto.csproj", "{F3889439-2E51-41DE-8251-A4C4A57BBF17}"
EndProject
Global
	GlobalSection(SolutionConfigurationPlatforms) = preSolution
		Debug|Any CPU = Debug|Any CPU
		Release|Any CPU = Release|Any CPU
	EndGlobalSection
	GlobalSection(ProjectConfigurationPlatforms) = postSolution
		{F3889439-2E51-41DE-8251-A4C4A57BBF17}.Debug|Any CPU.ActiveCfg = Debug|Any CPU
		{F3889439-2E51-41DE-8251-A4C4A57BBF17}.Debug|Any CPU.Build.0 = Debug|Any CPU
		{F3889439-2E51-41DE-8251-A4C4A57BBF17}.Release|Any CPU.ActiveCfg = Release|Any CPU
		{F3889439-2E51-41DE-8251-A4C4A57BBF17}.Release|Any CPU.Build.0 = Release|Any CPU
	EndGlobalSection
	GlobalSection(SolutionProperties) = preSolution
		HideSolutionNode = FALSE
	EndGlobalSection
	GlobalSection(ExtensibilityGlobals) = postSolution
		SolutionGuid = {D0696865-E6CE-4122-826F-7E2039DEC21A}
	EndGlobalSection
EndGlobal
